
Microsoft Visual Studio Solution File, Format Version 12.00
# Visual Studio Version 17
VisualStudioVersion = 17.9.34607.119
MinimumVisualStudioVersion = 10.0.40219.1
Project("{9A19103F-16F7-4668-BE54-9A1E7A4F7556}") = "VirtualAssistant.API", "VirtualAssistant.API\VirtualAssistant.API.csproj", "{D578A07D-9ED3-48EC-9BCF-B18DC905B837}"
EndProject
Project("{E53339B2-1760-4266-BCC7-CA923CBCF16C}") = "docker-compose", "docker-compose.dcproj", "{0AE8AAB3-4475-469E-9878-711322A87A6A}"
EndProject
Project("{2150E333-8FDC-42A3-9474-1A3956D46DE8}") = "Scripts", "Scripts", "{8DF30128-5A8C-4FFD-B6A7-36E0E07FC9D3}"
	ProjectSection(SolutionItems) = preProject
		EmulateGet1.ps1 = EmulateGet1.ps1
		EmulateGet2.ps1 = EmulateGet2.ps1
		EmulatePost1.ps1 = EmulatePost1.ps1
		EmulatePost2.ps1 = EmulatePost2.ps1
	EndProjectSection
EndProject
Global
	GlobalSection(SolutionConfigurationPlatforms) = preSolution
		Debug|Any CPU = Debug|Any CPU
		Release|Any CPU = Release|Any CPU
	EndGlobalSection
	GlobalSection(ProjectConfigurationPlatforms) = postSolution
		{D578A07D-9ED3-48EC-9BCF-B18DC905B837}.Debug|Any CPU.ActiveCfg = Debug|Any CPU
		{D578A07D-9ED3-48EC-9BCF-B18DC905B837}.Debug|Any CPU.Build.0 = Debug|Any CPU
		{D578A07D-9ED3-48EC-9BCF-B18DC905B837}.Release|Any CPU.ActiveCfg = Release|Any CPU
		{D578A07D-9ED3-48EC-9BCF-B18DC905B837}.Release|Any CPU.Build.0 = Release|Any CPU
		{0AE8AAB3-4475-469E-9878-711322A87A6A}.Debug|Any CPU.ActiveCfg = Debug|Any CPU
		{0AE8AAB3-4475-469E-9878-711322A87A6A}.Debug|Any CPU.Build.0 = Debug|Any CPU
		{0AE8AAB3-4475-469E-9878-711322A87A6A}.Release|Any CPU.ActiveCfg = Release|Any CPU
		{0AE8AAB3-4475-469E-9878-711322A87A6A}.Release|Any CPU.Build.0 = Release|Any CPU
	EndGlobalSection
	GlobalSection(SolutionProperties) = preSolution
		HideSolutionNode = FALSE
	EndGlobalSection
	GlobalSection(ExtensibilityGlobals) = postSolution
		SolutionGuid = {B8348A3B-D4A0-4D79-945D-6479E78F1881}
	EndGlobalSection
EndGlobal
